
Microsoft Visual Studio Solution File, Format Version 12.00
# Visual Studio Version 17
VisualStudioVersion = 17.9.34622.214
MinimumVisualStudioVersion = 10.0.40219.1
Project("{FAE04EC0-301F-11D3-BF4B-00C04F79EFBC}") = "CourseProject.WebApi", "CourceProject.WebApi\CourseProject.WebApi.csproj", "{D348BCC2-1836-414C-AE62-A4328F9C24B1}"
EndProject
Project("{FAE04EC0-301F-11D3-BF4B-00C04F79EFBC}") = "CourseProject.DAL", "CourceProject.Models\CourseProject.DAL.csproj", "{1B2F81B6-89D5-4A4C-BF5E-1C1F2C598E39}"
EndProject
Project("{FAE04EC0-301F-11D3-BF4B-00C04F79EFBC}") = "CourseProject.BL", "CourceProject.BL\CourseProject.BL.csproj", "{9C36949F-382E-4281-894B-B1C5CA495699}"
EndProject
Global
	GlobalSection(SolutionConfigurationPlatforms) = preSolution
		Debug|Any CPU = Debug|Any CPU
		Release|Any CPU = Release|Any CPU
	EndGlobalSection
	GlobalSection(ProjectConfigurationPlatforms) = postSolution
		{D348BCC2-1836-414C-AE62-A4328F9C24B1}.Debug|Any CPU.ActiveCfg = Debug|Any CPU
		{D348BCC2-1836-414C-AE62-A4328F9C24B1}.Debug|Any CPU.Build.0 = Debug|Any CPU
		{D348BCC2-1836-414C-AE62-A4328F9C24B1}.Release|Any CPU.ActiveCfg = Release|Any CPU
		{D348BCC2-1836-414C-AE62-A4328F9C24B1}.Release|Any CPU.Build.0 = Release|Any CPU
		{1B2F81B6-89D5-4A4C-BF5E-1C1F2C598E39}.Debug|Any CPU.ActiveCfg = Debug|Any CPU
		{1B2F81B6-89D5-4A4C-BF5E-1C1F2C598E39}.Debug|Any CPU.Build.0 = Debug|Any CPU
		{1B2F81B6-89D5-4A4C-BF5E-1C1F2C598E39}.Release|Any CPU.ActiveCfg = Release|Any CPU
		{1B2F81B6-89D5-4A4C-BF5E-1C1F2C598E39}.Release|Any CPU.Build.0 = Release|Any CPU
		{9C36949F-382E-4281-894B-B1C5CA495699}.Debug|Any CPU.ActiveCfg = Debug|Any CPU
		{9C36949F-382E-4281-894B-B1C5CA495699}.Debug|Any CPU.Build.0 = Debug|Any CPU
		{9C36949F-382E-4281-894B-B1C5CA495699}.Release|Any CPU.ActiveCfg = Release|Any CPU
		{9C36949F-382E-4281-894B-B1C5CA495699}.Release|Any CPU.Build.0 = Release|Any CPU
	EndGlobalSection
	GlobalSection(SolutionProperties) = preSolution
		HideSolutionNode = FALSE
	EndGlobalSection
	GlobalSection(ExtensibilityGlobals) = postSolution
		SolutionGuid = {5BD98CA0-2ECC-4E3E-A63C-8FA0339805DE}
	EndGlobalSection
EndGlobal
